
Microsoft Visual Studio Solution File, Format Version 12.00
Project("{FAE04EC0-301F-11D3-BF4B-00C04F79EFBC}") = "CPF", "CPF\CPF.csproj", "{242785EB-9E55-4682-8F62-DAD389CA3E12}"
EndProject
Global
	GlobalSection(SolutionConfigurationPlatforms) = preSolution
		Debug|Any CPU = Debug|Any CPU
		Release|Any CPU = Release|Any CPU
	EndGlobalSection
	GlobalSection(ProjectConfigurationPlatforms) = postSolution
		{242785EB-9E55-4682-8F62-DAD389CA3E12}.Debug|Any CPU.ActiveCfg = Debug|Any CPU
		{242785EB-9E55-4682-8F62-DAD389CA3E12}.Debug|Any CPU.Build.0 = Debug|Any CPU
		{242785EB-9E55-4682-8F62-DAD389CA3E12}.Release|Any CPU.ActiveCfg = Release|Any CPU
		{242785EB-9E55-4682-8F62-DAD389CA3E12}.Release|Any CPU.Build.0 = Release|Any CPU
	EndGlobalSection
EndGlobal
